
Microsoft Visual Studio Solution File, Format Version 12.00
# Visual Studio 15
VisualStudioVersion = 15.0.28307.271
MinimumVisualStudioVersion = 10.0.40219.1
Project("{FAE04EC0-301F-11D3-BF4B-00C04F79EFBC}") = "ConsoleUI", "ConsoleUI\ConsoleUI.csproj", "{E684B3C4-C6C3-44D1-946D-27A3D40177FF}"
EndProject
Global
	GlobalSection(SolutionConfigurationPlatforms) = preSolution
		Debug|Any CPU = Debug|Any CPU
		Release|Any CPU = Release|Any CPU
	EndGlobalSection
	GlobalSection(ProjectConfigurationPlatforms) = postSolution
		{E684B3C4-C6C3-44D1-946D-27A3D40177FF}.Debug|Any CPU.ActiveCfg = Debug|Any CPU
		{E684B3C4-C6C3-44D1-946D-27A3D40177FF}.Debug|Any CPU.Build.0 = Debug|Any CPU
		{E684B3C4-C6C3-44D1-946D-27A3D40177FF}.Release|Any CPU.ActiveCfg = Release|Any CPU
		{E684B3C4-C6C3-44D1-946D-27A3D40177FF}.Release|Any CPU.Build.0 = Release|Any CPU
	EndGlobalSection
	GlobalSection(SolutionProperties) = preSolution
		HideSolutionNode = FALSE
	EndGlobalSection
	GlobalSection(ExtensibilityGlobals) = postSolution
		SolutionGuid = {17F93707-503E-4A45-B7D8-4BD409C60C3D}
	EndGlobalSection
EndGlobal
